dependencies:
  idf:
    source:
      type: idf
    version: 5.3.0
  lvgl/lvgl:
    component_hash: 2409fdc84e9766d2a18afd84b051aef3f838348136cdb1c10ac2e8bcdb012bf6
    dependencies: []
    source:
      registry_url: https://components.espressif.com/
      type: service
    version: 9.2.0
direct_dependencies:
- idf
- lvgl/lvgl
manifest_hash: 51c8c22854bc7caa0bf3b9d7f384825d5fbb8fb7a7aa32a1ed0ede72fba11563
target: esp32s3
version: 2.0.0
